
Microsoft Visual Studio Solution File, Format Version 12.00
# Visual Studio Version 17
VisualStudioVersion = 17.2.32519.379
MinimumVisualStudioVersion = 10.0.40219.1
Project("{FAE04EC0-301F-11D3-BF4B-00C04F79EFBC}") = "SNOS", "SNOS\SNOS.csproj", "{9BD73904-D9DA-45E0-A92D-0A93BC9B6287}"
EndProject
Project("{FAE04EC0-301F-11D3-BF4B-00C04F79EFBC}") = "Report_Service", "Report_Service\Report_Service.csproj", "{9016988C-E91F-4CFA-8B78-935D889B80D7}"
EndProject
Project("{FAE04EC0-301F-11D3-BF4B-00C04F79EFBC}") = "Use_Rate_SNOS", "Use_Rate_SNOS\Use_Rate_SNOS.csproj", "{BAFB173E-4016-4602-ACC6-9CAB06BF0DFC}"
EndProject
Project("{FAE04EC0-301F-11D3-BF4B-00C04F79EFBC}") = "PLC_Read", "PLC_Read\PLC_Read.csproj", "{78950DFA-F9B8-49D3-AB1C-C1DEF60DEDEA}"
EndProject
Project("{FAE04EC0-301F-11D3-BF4B-00C04F79EFBC}") = "SNOS_Report", "SNOS_Report\SNOS_Report.csproj", "{688C2820-B8C9-4DE8-9B96-086FD90A88F7}"
EndProject
Project("{FAE04EC0-301F-11D3-BF4B-00C04F79EFBC}") = "SNOS_Server_Check", "SNOS_Server_Check\SNOS_Server_Check.csproj", "{F8FA73F6-D197-4E9B-BB84-1DA4AF0E7097}"
EndProject
Global
	GlobalSection(SolutionConfigurationPlatforms) = preSolution
		Debug|Any CPU = Debug|Any CPU
		Release|Any CPU = Release|Any CPU
	EndGlobalSection
	GlobalSection(ProjectConfigurationPlatforms) = postSolution
		{9BD73904-D9DA-45E0-A92D-0A93BC9B6287}.Debug|Any CPU.ActiveCfg = Debug|Any CPU
		{9BD73904-D9DA-45E0-A92D-0A93BC9B6287}.Debug|Any CPU.Build.0 = Debug|Any CPU
		{9BD73904-D9DA-45E0-A92D-0A93BC9B6287}.Release|Any CPU.ActiveCfg = Release|Any CPU
		{9BD73904-D9DA-45E0-A92D-0A93BC9B6287}.Release|Any CPU.Build.0 = Release|Any CPU
		{9016988C-E91F-4CFA-8B78-935D889B80D7}.Debug|Any CPU.ActiveCfg = Debug|Any CPU
		{9016988C-E91F-4CFA-8B78-935D889B80D7}.Debug|Any CPU.Build.0 = Debug|Any CPU
		{9016988C-E91F-4CFA-8B78-935D889B80D7}.Release|Any CPU.ActiveCfg = Release|Any CPU
		{9016988C-E91F-4CFA-8B78-935D889B80D7}.Release|Any CPU.Build.0 = Release|Any CPU
		{BAFB173E-4016-4602-ACC6-9CAB06BF0DFC}.Debug|Any CPU.ActiveCfg = Debug|Any CPU
		{BAFB173E-4016-4602-ACC6-9CAB06BF0DFC}.Debug|Any CPU.Build.0 = Debug|Any CPU
		{BAFB173E-4016-4602-ACC6-9CAB06BF0DFC}.Release|Any CPU.ActiveCfg = Release|Any CPU
		{BAFB173E-4016-4602-ACC6-9CAB06BF0DFC}.Release|Any CPU.Build.0 = Release|Any CPU
		{78950DFA-F9B8-49D3-AB1C-C1DEF60DEDEA}.Debug|Any CPU.ActiveCfg = Debug|Any CPU
		{78950DFA-F9B8-49D3-AB1C-C1DEF60DEDEA}.Debug|Any CPU.Build.0 = Debug|Any CPU
		{78950DFA-F9B8-49D3-AB1C-C1DEF60DEDEA}.Release|Any CPU.ActiveCfg = Debug|Any CPU
		{78950DFA-F9B8-49D3-AB1C-C1DEF60DEDEA}.Release|Any CPU.Build.0 = Debug|Any CPU
		{688C2820-B8C9-4DE8-9B96-086FD90A88F7}.Debug|Any CPU.ActiveCfg = Debug|Any CPU
		{688C2820-B8C9-4DE8-9B96-086FD90A88F7}.Debug|Any CPU.Build.0 = Debug|Any CPU
		{688C2820-B8C9-4DE8-9B96-086FD90A88F7}.Release|Any CPU.ActiveCfg = Release|Any CPU
		{688C2820-B8C9-4DE8-9B96-086FD90A88F7}.Release|Any CPU.Build.0 = Release|Any CPU
		{F8FA73F6-D197-4E9B-BB84-1DA4AF0E7097}.Debug|Any CPU.ActiveCfg = Debug|Any CPU
		{F8FA73F6-D197-4E9B-BB84-1DA4AF0E7097}.Debug|Any CPU.Build.0 = Debug|Any CPU
		{F8FA73F6-D197-4E9B-BB84-1DA4AF0E7097}.Release|Any CPU.ActiveCfg = Release|Any CPU
		{F8FA73F6-D197-4E9B-BB84-1DA4AF0E7097}.Release|Any CPU.Build.0 = Release|Any CPU
	EndGlobalSection
	GlobalSection(SolutionProperties) = preSolution
		HideSolutionNode = FALSE
	EndGlobalSection
	GlobalSection(ExtensibilityGlobals) = postSolution
		SolutionGuid = {D23C81E8-A6E7-4815-9AB9-6C5940D0F8D2}
	EndGlobalSection
EndGlobal
